PODS:
  - IQKeyboardManagerSwift (6.5.9)
  - Kingfisher (7.2.1)

DEPENDENCIES:
  - IQKeyboardManagerSwift
  - Kingfisher (~> 7.0)

SPEC REPOS:
  trunk:
    - IQKeyboardManagerSwift
    - Kingfisher

SPEC CHECKSUMS:
  IQKeyboardManagerSwift: 6e839c575c4aa1078d58a596e41244e77abe918f
  Kingfisher: 7c084bebf7d548c623ad41bcf765fb200efed369

PODFILE CHECKSUM: 0adf237d2c6832a6db141bed7c6f1fdcbbd19805

COCOAPODS: 1.11.2
