// !$*UTF8*$!
{
	archiveVersion = 1;
	classes = {
	};
	objectVersion = 55;
	objects = {

/* Begin PBXBuildFile section */
		EB799CCE2834E7CA00BBE10A /* AppDelegate.swift in Sources */ = {isa = PBXBuildFile; fileRef = EB799CCD2834E7CA00BBE10A /* AppDelegate.swift */; };
		EB799CD02834E7CA00BBE10A /* SceneDelegate.swift in Sources */ = {isa = PBXBuildFile; fileRef = EB799CCF2834E7CA00BBE10A /* SceneDelegate.swift */; };
		EB799CD22834E7CA00BBE10A /* LoginViewController.swift in Sources */ = {isa = PBXBuildFile; fileRef = EB799CD12834E7CA00BBE10A /* LoginViewController.swift */; };
		EB799CD72834E7CC00BBE10A /* Assets.xcassets in Resources */ = {isa = PBXBuildFile; fileRef = EB799CD62834E7CC00BBE10A /* Assets.xcassets */; };
		EB799CDA2834E7CC00BBE10A /* LaunchScreen.storyboard in Resources */ = {isa = PBXBuildFile; fileRef = EB799CD82834E7CC00BBE10A /* LaunchScreen.storyboard */; };
		EB799CE72834EB6000BBE10A /* UIColor.swift in Sources */ = {isa = PBXBuildFile; fileRef = EB799CE62834EB6000BBE10A /* UIColor.swift */; };
		EB9B82A12834FF58004BF102 /* WebViewController.swift in Sources */ = {isa = PBXBuildFile; fileRef = EB9B82A02834FF58004BF102 /* WebViewController.swift */; };
		EB9B82A6283500E4004BF102 /* AuthenticationManager.swift in Sources */ = {isa = PBXBuildFile; fileRef = EB9B82A5283500E4004BF102 /* AuthenticationManager.swift */; };
		EB9B82A828350680004BF102 /* AuthenticationResponse.swift in Sources */ = {isa = PBXBuildFile; fileRef = EB9B82A728350680004BF102 /* AuthenticationResponse.swift */; };
/* End PBXBuildFile section */

/* Begin PBXFileReference section */
		EB799CCA2834E7CA00BBE10A /* Spotify.app */ = {isa = PBXFileReference; explicitFileType = wrapper.application; includeInIndex = 0; path = Spotify.app; sourceTree = BUILT_PRODUCTS_DIR; };
		EB799CCD2834E7CA00BBE10A /* AppDelegate.swift */ = {isa = PBXFileReference; lastKnownFileType = sourcecode.swift; path = AppDelegate.swift; sourceTree = "<group>"; };
		EB799CCF2834E7CA00BBE10A /* SceneDelegate.swift */ = {isa = PBXFileReference; lastKnownFileType = sourcecode.swift; path = SceneDelegate.swift; sourceTree = "<group>"; };
		EB799CD12834E7CA00BBE10A /* LoginViewController.swift */ = {isa = PBXFileReference; lastKnownFileType = sourcecode.swift; path = LoginViewController.swift; sourceTree = "<group>"; };
		EB799CD62834E7CC00BBE10A /* Assets.xcassets */ = {isa = PBXFileReference; lastKnownFileType = folder.assetcatalog; path = Assets.xcassets; sourceTree = "<group>"; };
		EB799CD92834E7CC00BBE10A /* Base */ = {isa = PBXFileReference; lastKnownFileType = file.storyboard; name = Base; path = Base.lproj/LaunchScreen.storyboard; sourceTree = "<group>"; };
		EB799CDB2834E7CC00BBE10A /* Info.plist */ = {isa = PBXFileReference; lastKnownFileType = text.plist.xml; path = Info.plist; sourceTree = "<group>"; };
		EB799CE62834EB6000BBE10A /* UIColor.swift */ = {isa = PBXFileReference; lastKnownFileType = sourcecode.swift; path = UIColor.swift; sourceTree = "<group>"; };
		EB9B82A02834FF58004BF102 /* WebViewController.swift */ = {isa = PBXFileReference; lastKnownFileType = sourcecode.swift; path = WebViewController.swift; sourceTree = "<group>"; };
		EB9B82A5283500E4004BF102 /* AuthenticationManager.swift */ = {isa = PBXFileReference; lastKnownFileType = sourcecode.swift; path = AuthenticationManager.swift; sourceTree = "<group>"; };
		EB9B82A728350680004BF102 /* AuthenticationResponse.swift */ = {isa = PBXFileReference; lastKnownFileType = sourcecode.swift; path = AuthenticationResponse.swift; sourceTree = "<group>"; };
/* End PBXFileReference section */

/* Begin PBXFrameworksBuildPhase section */
		EB799CC72834E7CA00BBE10A /* Frameworks */ = {
			isa = PBXFrameworksBuildPhase;
			buildActionMask = 2147483647;
			files = (
			);
			runOnlyForDeploymentPostprocessing = 0;
		};
/* End PBXFrameworksBuildPhase section */

/* Begin PBXGroup section */
		EB799CC12834E7CA00BBE10A = {
			isa = PBXGroup;
			children = (
				EB799CCC2834E7CA00BBE10A /* Spotify */,
				EB799CCB2834E7CA00BBE10A /* Products */,
			);
			sourceTree = "<group>";
		};
		EB799CCB2834E7CA00BBE10A /* Products */ = {
			isa = PBXGroup;
			children = (
				EB799CCA2834E7CA00BBE10A /* Spotify.app */,
			);
			name = Products;
			sourceTree = "<group>";
		};
		EB799CCC2834E7CA00BBE10A /* Spotify */ = {
			isa = PBXGroup;
			children = (
				EB799CE52834EB5700BBE10A /* Extensions */,
				EB799CE22834E8B100BBE10A /* Features */,
				EB799CE12834E8A200BBE10A /* Sources */,
				EB799CDB2834E7CC00BBE10A /* Info.plist */,
			);
			path = Spotify;
			sourceTree = "<group>";
		};
		EB799CE12834E8A200BBE10A /* Sources */ = {
			isa = PBXGroup;
			children = (
				EB799CCD2834E7CA00BBE10A /* AppDelegate.swift */,
				EB799CCF2834E7CA00BBE10A /* SceneDelegate.swift */,
				EB799CD62834E7CC00BBE10A /* Assets.xcassets */,
				EB799CD82834E7CC00BBE10A /* LaunchScreen.storyboard */,
			);
			path = Sources;
			sourceTree = "<group>";
		};
		EB799CE22834E8B100BBE10A /* Features */ = {
			isa = PBXGroup;
			children = (
				EB799CE32834E8B400BBE10A /* Authentication */,
			);
			path = Features;
			sourceTree = "<group>";
		};
		EB799CE32834E8B400BBE10A /* Authentication */ = {
			isa = PBXGroup;
			children = (
				EB9B82A22834FF8B004BF102 /* Model */,
				EB799CE42834E8BA00BBE10A /* Controller */,
			);
			path = Authentication;
			sourceTree = "<group>";
		};
		EB799CE42834E8BA00BBE10A /* Controller */ = {
			isa = PBXGroup;
			children = (
				EB799CD12834E7CA00BBE10A /* LoginViewController.swift */,
				EB9B82A02834FF58004BF102 /* WebViewController.swift */,
			);
			path = Controller;
			sourceTree = "<group>";
		};
		EB799CE52834EB5700BBE10A /* Extensions */ = {
			isa = PBXGroup;
			children = (
				EB799CE62834EB6000BBE10A /* UIColor.swift */,
			);
			path = Extensions;
			sourceTree = "<group>";
		};
		EB9B82A22834FF8B004BF102 /* Model */ = {
			isa = PBXGroup;
			children = (
				EB9B82A5283500E4004BF102 /* AuthenticationManager.swift */,
				EB9B82A728350680004BF102 /* AuthenticationResponse.swift */,
			);
			path = Model;
			sourceTree = "<group>";
		};
/* End PBXGroup section */

/* Begin PBXNativeTarget section */
		EB799CC92834E7CA00BBE10A /* Spotify */ = {
			isa = PBXNativeTarget;
			buildConfigurationList = EB799CDE2834E7CC00BBE10A /* Build configuration list for PBXNativeTarget "Spotify" */;
			buildPhases = (
				EB799CC62834E7CA00BBE10A /* Sources */,
				EB799CC72834E7CA00BBE10A /* Frameworks */,
				EB799CC82834E7CA00BBE10A /* Resources */,
			);
			buildRules = (
			);
			dependencies = (
			);
			name = Spotify;
			productName = Spotify;
			productReference = EB799CCA2834E7CA00BBE10A /* Spotify.app */;
			productType = "com.apple.product-type.application";
		};
/* End PBXNativeTarget section */

/* Begin PBXProject section */
		EB799CC22834E7CA00BBE10A /* Project object */ = {
			isa = PBXProject;
			attributes = {
				BuildIndependentTargetsInParallel = 1;
				LastSwiftUpdateCheck = 1330;
				LastUpgradeCheck = 1330;
				TargetAttributes = {
					EB799CC92834E7CA00BBE10A = {
						CreatedOnToolsVersion = 13.3.1;
					};
				};
			};
			buildConfigurationList = EB799CC52834E7CA00BBE10A /* Build configuration list for PBXProject "Spotify" */;
			compatibilityVersion = "Xcode 13.0";
			developmentRegion = en;
			hasScannedForEncodings = 0;
			knownRegions = (
				en,
				Base,
			);
			mainGroup = EB799CC12834E7CA00BBE10A;
			productRefGroup = EB799CCB2834E7CA00BBE10A /* Products */;
			projectDirPath = "";
			projectRoot = "";
			targets = (
				EB799CC92834E7CA00BBE10A /* Spotify */,
			);
		};
/* End PBXProject section */

/* Begin PBXResourcesBuildPhase section */
		EB799CC82834E7CA00BBE10A /* Resources */ = {
			isa = PBXResourcesBuildPhase;
			buildActionMask = 2147483647;
			files = (
				EB799CDA2834E7CC00BBE10A /* LaunchScreen.storyboard in Resources */,
				EB799CD72834E7CC00BBE10A /* Assets.xcassets in Resources */,
			);
			runOnlyForDeploymentPostprocessing = 0;
		};
/* End PBXResourcesBuildPhase section */

/* Begin PBXSourcesBuildPhase section */
		EB799CC62834E7CA00BBE10A /* Sources */ = {
			isa = PBXSourcesBuildPhase;
			buildActionMask = 2147483647;
			files = (
				EB799CD22834E7CA00BBE10A /* LoginViewController.swift in Sources */,
				EB9B82A6283500E4004BF102 /* AuthenticationManager.swift in Sources */,
				EB9B82A828350680004BF102 /* AuthenticationResponse.swift in Sources */,
				EB799CE72834EB6000BBE10A /* UIColor.swift in Sources */,
				EB799CCE2834E7CA00BBE10A /* AppDelegate.swift in Sources */,
				EB9B82A12834FF58004BF102 /* WebViewController.swift in Sources */,
				EB799CD02834E7CA00BBE10A /* SceneDelegate.swift in Sources */,
			);
			runOnlyForDeploymentPostprocessing = 0;
		};
/* End PBXSourcesBuildPhase section */

/* Begin PBXVariantGroup section */
		EB799CD82834E7CC00BBE10A /* LaunchScreen.storyboard */ = {
			isa = PBXVariantGroup;
			children = (
				EB799CD92834E7CC00BBE10A /* Base */,
			);
			name = LaunchScreen.storyboard;
			sourceTree = "<group>";
		};
/* End PBXVariantGroup section */

/* Begin XCBuildConfiguration section */
		EB799CDC2834E7CC00BBE10A /* Debug */ = {
			isa = XCBuildConfiguration;
			buildSettings = {
				ALWAYS_SEARCH_USER_PATHS = NO;
				CLANG_ANALYZER_NONNULL = YES;
				CLANG_ANALYZER_NUMBER_OBJECT_CONVERSION = YES_AGGRESSIVE;
				CLANG_CXX_LANGUAGE_STANDARD = "gnu++17";
				CLANG_ENABLE_MODULES = YES;
				CLANG_ENABLE_OBJC_ARC = YES;
				CLANG_ENABLE_OBJC_WEAK = YES;
				CLANG_WARN_BLOCK_CAPTURE_AUTORELEASING = YES;
				CLANG_WARN_BOOL_CONVERSION = YES;
				CLANG_WARN_COMMA = YES;
				CLANG_WARN_CONSTANT_CONVERSION = YES;
				CLANG_WARN_DEPRECATED_OBJC_IMPLEMENTATIONS = YES;
				CLANG_WARN_DIRECT_OBJC_ISA_USAGE = YES_ERROR;
				CLANG_WARN_DOCUMENTATION_COMMENTS = YES;
				CLANG_WARN_EMPTY_BODY = YES;
				CLANG_WARN_ENUM_CONVERSION = YES;
				CLANG_WARN_INFINITE_RECURSION = YES;
				CLANG_WARN_INT_CONVERSION = YES;
				CLANG_WARN_NON_LITERAL_NULL_CONVERSION = YES;
				CLANG_WARN_OBJC_IMPLICIT_RETAIN_SELF = YES;
				CLANG_WARN_OBJC_LITERAL_CONVERSION = YES;
				CLANG_WARN_OBJC_ROOT_CLASS = YES_ERROR;
				CLANG_WARN_QUOTED_INCLUDE_IN_FRAMEWORK_HEADER = YES;
				CLANG_WARN_RANGE_LOOP_ANALYSIS = YES;
				CLANG_WARN_STRICT_PROTOTYPES = YES;
				CLANG_WARN_SUSPICIOUS_MOVE = YES;
				CLANG_WARN_UNGUARDED_AVAILABILITY = YES_AGGRESSIVE;
				CLANG_WARN_UNREACHABLE_CODE = YES;
				CLANG_WARN__DUPLICATE_METHOD_MATCH = YES;
				COPY_PHASE_STRIP = NO;
				DEBUG_INFORMATION_FORMAT = dwarf;
				ENABLE_STRICT_OBJC_MSGSEND = YES;
				ENABLE_TESTABILITY = YES;
				GCC_C_LANGUAGE_STANDARD = gnu11;
				GCC_DYNAMIC_NO_PIC = NO;
				GCC_NO_COMMON_BLOCKS = YES;
				GCC_OPTIMIZATION_LEVEL = 0;
				GCC_PREPROCESSOR_DEFINITIONS = (
					"DEBUG=1",
					"$(inherited)",
				);
				GCC_WARN_64_TO_32_BIT_CONVERSION = YES;
				GCC_WARN_ABOUT_RETURN_TYPE = YES_ERROR;
				GCC_WARN_UNDECLARED_SELECTOR = YES;
				GCC_WARN_UNINITIALIZED_AUTOS = YES_AGGRESSIVE;
				GCC_WARN_UNUSED_FUNCTION = YES;
				GCC_WARN_UNUSED_VARIABLE = YES;
				IPHONEOS_DEPLOYMENT_TARGET = 15.4;
				MTL_ENABLE_DEBUG_INFO = INCLUDE_SOURCE;
				MTL_FAST_MATH = YES;
				ONLY_ACTIVE_ARCH = YES;
				SDKROOT = iphoneos;
				SWIFT_ACTIVE_COMPILATION_CONDITIONS = DEBUG;
				SWIFT_OPTIMIZATION_LEVEL = "-Onone";
			};
			name = Debug;
		};
		EB799CDD2834E7CC00BBE10A /* Release */ = {
			isa = XCBuildConfiguration;
			buildSettings = {
				ALWAYS_SEARCH_USER_PATHS = NO;
				CLANG_ANALYZER_NONNULL = YES;
				CLANG_ANALYZER_NUMBER_OBJECT_CONVERSION = YES_AGGRESSIVE;
				CLANG_CXX_LANGUAGE_STANDARD = "gnu++17";
				CLANG_ENABLE_MODULES = YES;
				CLANG_ENABLE_OBJC_ARC = YES;
				CLANG_ENABLE_OBJC_WEAK = YES;
				CLANG_WARN_BLOCK_CAPTURE_AUTORELEASING = YES;
				CLANG_WARN_BOOL_CONVERSION = YES;
				CLANG_WARN_COMMA = YES;
				CLANG_WARN_CONSTANT_CONVERSION = YES;
				CLANG_WARN_DEPRECATED_OBJC_IMPLEMENTATIONS = YES;
				CLANG_WARN_DIRECT_OBJC_ISA_USAGE = YES_ERROR;
				CLANG_WARN_DOCUMENTATION_COMMENTS = YES;
				CLANG_WARN_EMPTY_BODY = YES;
				CLANG_WARN_ENUM_CONVERSION = YES;
				CLANG_WARN_INFINITE_RECURSION = YES;
				CLANG_WARN_INT_CONVERSION = YES;
				CLANG_WARN_NON_LITERAL_NULL_CONVERSION = YES;
				CLANG_WARN_OBJC_IMPLICIT_RETAIN_SELF = YES;
				CLANG_WARN_OBJC_LITERAL_CONVERSION = YES;
				CLANG_WARN_OBJC_ROOT_CLASS = YES_ERROR;
				CLANG_WARN_QUOTED_INCLUDE_IN_FRAMEWORK_HEADER = YES;
				CLANG_WARN_RANGE_LOOP_ANALYSIS = YES;
				CLANG_WARN_STRICT_PROTOTYPES = YES;
				CLANG_WARN_SUSPICIOUS_MOVE = YES;
				CLANG_WARN_UNGUARDED_AVAILABILITY = YES_AGGRESSIVE;
				CLANG_WARN_UNREACHABLE_CODE = YES;
				CLANG_WARN__DUPLICATE_METHOD_MATCH = YES;
				COPY_PHASE_STRIP = NO;
				DEBUG_INFORMATION_FORMAT = "dwarf-with-dsym";
				ENABLE_NS_ASSERTIONS = NO;
				ENABLE_STRICT_OBJC_MSGSEND = YES;
				GCC_C_LANGUAGE_STANDARD = gnu11;
				GCC_NO_COMMON_BLOCKS = YES;
				GCC_WARN_64_TO_32_BIT_CONVERSION = YES;
				GCC_WARN_ABOUT_RETURN_TYPE = YES_ERROR;
				GCC_WARN_UNDECLARED_SELECTOR = YES;
				GCC_WARN_UNINITIALIZED_AUTOS = YES_AGGRESSIVE;
				GCC_WARN_UNUSED_FUNCTION = YES;
				GCC_WARN_UNUSED_VARIABLE = YES;
				IPHONEOS_DEPLOYMENT_TARGET = 15.4;
				MTL_ENABLE_DEBUG_INFO = NO;
				MTL_FAST_MATH = YES;
				SDKROOT = iphoneos;
				SWIFT_COMPILATION_MODE = wholemodule;
				SWIFT_OPTIMIZATION_LEVEL = "-O";
				VALIDATE_PRODUCT = YES;
			};
			name = Release;
		};
		EB799CDF2834E7CC00BBE10A /* Debug */ = {
			isa = XCBuildConfiguration;
			buildSettings = {
				ASSETCATALOG_COMPILER_APPICON_NAME = AppIcon;
				ASSETCATALOG_COMPILER_GLOBAL_ACCENT_COLOR_NAME = AccentColor;
				CODE_SIGN_STYLE = Automatic;
				CURRENT_PROJECT_VERSION = 1;
				DEVELOPMENT_TEAM = B8U5NB37GK;
				GENERATE_INFOPLIST_FILE = YES;
				INFOPLIST_FILE = Spotify/Info.plist;
				INFOPLIST_KEY_UIApplicationSupportsIndirectInputEvents = YES;
				INFOPLIST_KEY_UILaunchStoryboardName = LaunchScreen;
				INFOPLIST_KEY_UISupportedInterfaceOrientations_iPad = "UIInterfaceOrientationPortrait UIInterfaceOrientationPortraitUpsideDown UIInterfaceOrientationLandscapeLeft UIInterfaceOrientationLandscapeRight";
				INFOPLIST_KEY_UISupportedInterfaceOrientations_iPhone = "UIInterfaceOrientationPortrait UIInterfaceOrientationLandscapeLeft UIInterfaceOrientationLandscapeRight";
				LD_RUNPATH_SEARCH_PATHS = (
					"$(inherited)",
					"@executable_path/Frameworks",
				);
				MARKETING_VERSION = 1.0;
				PRODUCT_BUNDLE_IDENTIFIER = me.hussein.Spotify;
				PRODUCT_NAME = "$(TARGET_NAME)";
				SWIFT_EMIT_LOC_STRINGS = YES;
				SWIFT_VERSION = 5.0;
				TARGETED_DEVICE_FAMILY = "1,2";
			};
			name = Debug;
		};
		EB799CE02834E7CC00BBE10A /* Release */ = {
			isa = XCBuildConfiguration;
			buildSettings = {
				ASSETCATALOG_COMPILER_APPICON_NAME = AppIcon;
				ASSETCATALOG_COMPILER_GLOBAL_ACCENT_COLOR_NAME = AccentColor;
				CODE_SIGN_STYLE = Automatic;
				CURRENT_PROJECT_VERSION = 1;
				DEVELOPMENT_TEAM = B8U5NB37GK;
				GENERATE_INFOPLIST_FILE = YES;
				INFOPLIST_FILE = Spotify/Info.plist;
				INFOPLIST_KEY_UIApplicationSupportsIndirectInputEvents = YES;
				INFOPLIST_KEY_UILaunchStoryboardName = LaunchScreen;
				INFOPLIST_KEY_UISupportedInterfaceOrientations_iPad = "UIInterfaceOrientationPortrait UIInterfaceOrientationPortraitUpsideDown UIInterfaceOrientationLandscapeLeft UIInterfaceOrientationLandscapeRight";
				INFOPLIST_KEY_UISupportedInterfaceOrientations_iPhone = "UIInterfaceOrientationPortrait UIInterfaceOrientationLandscapeLeft UIInterfaceOrientationLandscapeRight";
				LD_RUNPATH_SEARCH_PATHS = (
					"$(inherited)",
					"@executable_path/Frameworks",
				);
				MARKETING_VERSION = 1.0;
				PRODUCT_BUNDLE_IDENTIFIER = me.hussein.Spotify;
				PRODUCT_NAME = "$(TARGET_NAME)";
				SWIFT_EMIT_LOC_STRINGS = YES;
				SWIFT_VERSION = 5.0;
				TARGETED_DEVICE_FAMILY = "1,2";
			};
			name = Release;
		};
/* End XCBuildConfiguration section */

/* Begin XCConfigurationList section */
		EB799CC52834E7CA00BBE10A /* Build configuration list for PBXProject "Spotify" */ = {
			isa = XCConfigurationList;
			buildConfigurations = (
				EB799CDC2834E7CC00BBE10A /* Debug */,
				EB799CDD2834E7CC00BBE10A /* Release */,
			);
			defaultConfigurationIsVisible = 0;
			defaultConfigurationName = Release;
		};
		EB799CDE2834E7CC00BBE10A /* Build configuration list for PBXNativeTarget "Spotify" */ = {
			isa = XCConfigurationList;
			buildConfigurations = (
				EB799CDF2834E7CC00BBE10A /* Debug */,
				EB799CE02834E7CC00BBE10A /* Release */,
			);
			defaultConfigurationIsVisible = 0;
			defaultConfigurationName = Release;
		};
/* End XCConfigurationList section */
	};
	rootObject = EB799CC22834E7CA00BBE10A /* Project object */;
}
