// !$*UTF8*$!
{
	archiveVersion = 1;
	classes = {
	};
	objectVersion = 55;
	objects = {

/* Begin PBXBuildFile section */
		3F6088F5F0BF1CBE883F8C49 /* libPods-Spotify.a in Frameworks */ = {isa = PBXBuildFile; fileRef = 5EAB1135F779B579526E6FBA /* libPods-Spotify.a */; };
		EB0B7D2A283630A000BB70A5 /* ArtistSearchResponse.swift in Sources */ = {isa = PBXBuildFile; fileRef = EB0B7D29283630A000BB70A5 /* ArtistSearchResponse.swift */; };
		EB0B7D2E283631B300BB70A5 /* UIView.swift in Sources */ = {isa = PBXBuildFile; fileRef = EB0B7D2D283631B300BB70A5 /* UIView.swift */; };
		EB6C80F22835341E0067E597 /* SearchViewcontroller.swift in Sources */ = {isa = PBXBuildFile; fileRef = EB6C80F12835341E0067E597 /* SearchViewcontroller.swift */; };
		EB6C80F5283534C60067E597 /* UserResponse.swift in Sources */ = {isa = PBXBuildFile; fileRef = EB6C80F4283534C60067E597 /* UserResponse.swift */; };
		EB6C80F9283534EC0067E597 /* APIClient.swift in Sources */ = {isa = PBXBuildFile; fileRef = EB6C80F8283534EC0067E597 /* APIClient.swift */; };
		EB6C80FB283536900067E597 /* UIViewController.swift in Sources */ = {isa = PBXBuildFile; fileRef = EB6C80FA283536900067E597 /* UIViewController.swift */; };
		EB799CCE2834E7CA00BBE10A /* AppDelegate.swift in Sources */ = {isa = PBXBuildFile; fileRef = EB799CCD2834E7CA00BBE10A /* AppDelegate.swift */; };
		EB799CD02834E7CA00BBE10A /* SceneDelegate.swift in Sources */ = {isa = PBXBuildFile; fileRef = EB799CCF2834E7CA00BBE10A /* SceneDelegate.swift */; };
		EB799CD22834E7CA00BBE10A /* LoginViewController.swift in Sources */ = {isa = PBXBuildFile; fileRef = EB799CD12834E7CA00BBE10A /* LoginViewController.swift */; };
		EB799CD72834E7CC00BBE10A /* Assets.xcassets in Resources */ = {isa = PBXBuildFile; fileRef = EB799CD62834E7CC00BBE10A /* Assets.xcassets */; };
		EB799CDA2834E7CC00BBE10A /* LaunchScreen.storyboard in Resources */ = {isa = PBXBuildFile; fileRef = EB799CD82834E7CC00BBE10A /* LaunchScreen.storyboard */; };
		EB799CE72834EB6000BBE10A /* UIColor.swift in Sources */ = {isa = PBXBuildFile; fileRef = EB799CE62834EB6000BBE10A /* UIColor.swift */; };
		EB9B82A12834FF58004BF102 /* WebViewController.swift in Sources */ = {isa = PBXBuildFile; fileRef = EB9B82A02834FF58004BF102 /* WebViewController.swift */; };
		EB9B82A6283500E4004BF102 /* AuthenticationManager.swift in Sources */ = {isa = PBXBuildFile; fileRef = EB9B82A5283500E4004BF102 /* AuthenticationManager.swift */; };
		EB9B82A828350680004BF102 /* AuthenticationResponse.swift in Sources */ = {isa = PBXBuildFile; fileRef = EB9B82A728350680004BF102 /* AuthenticationResponse.swift */; };
		EBB85E8128363A0A006E14C3 /* UICollectionView.swift in Sources */ = {isa = PBXBuildFile; fileRef = EBB85E8028363A09006E14C3 /* UICollectionView.swift */; };
		EBB85E8328364AEE006E14C3 /* ArtistCollectionViewCell.swift in Sources */ = {isa = PBXBuildFile; fileRef = EBB85E8228364AEE006E14C3 /* ArtistCollectionViewCell.swift */; };
		EBB85E8528364DB4006E14C3 /* PropertyWrapper.swift in Sources */ = {isa = PBXBuildFile; fileRef = EBB85E8428364DB4006E14C3 /* PropertyWrapper.swift */; };
		EBB85E89283667A5006E14C3 /* UICollectionViewCell.swift in Sources */ = {isa = PBXBuildFile; fileRef = EBB85E88283667A5006E14C3 /* UICollectionViewCell.swift */; };
/* End PBXBuildFile section */

/* Begin PBXFileReference section */
		07EE61C9CD8DB024A84D495A /* Pods-Spotify.release.xcconfig */ = {isa = PBXFileReference; includeInIndex = 1; lastKnownFileType = text.xcconfig; name = "Pods-Spotify.release.xcconfig"; path = "Target Support Files/Pods-Spotify/Pods-Spotify.release.xcconfig"; sourceTree = "<group>"; };
		1A16747BC26E7F8F8498068A /* Pods-Spotify.debug.xcconfig */ = {isa = PBXFileReference; includeInIndex = 1; lastKnownFileType = text.xcconfig; name = "Pods-Spotify.debug.xcconfig"; path = "Target Support Files/Pods-Spotify/Pods-Spotify.debug.xcconfig"; sourceTree = "<group>"; };
		5EAB1135F779B579526E6FBA /* libPods-Spotify.a */ = {isa = PBXFileReference; explicitFileType = archive.ar; includeInIndex = 0; path = "libPods-Spotify.a"; sourceTree = BUILT_PRODUCTS_DIR; };
		EB0B7D29283630A000BB70A5 /* ArtistSearchResponse.swift */ = {isa = PBXFileReference; lastKnownFileType = sourcecode.swift; path = ArtistSearchResponse.swift; sourceTree = "<group>"; };
		EB0B7D2D283631B300BB70A5 /* UIView.swift */ = {isa = PBXFileReference; lastKnownFileType = sourcecode.swift; path = UIView.swift; sourceTree = "<group>"; };
		EB6C80F12835341E0067E597 /* SearchViewcontroller.swift */ = {isa = PBXFileReference; lastKnownFileType = sourcecode.swift; path = SearchViewcontroller.swift; sourceTree = "<group>"; };
		EB6C80F4283534C60067E597 /* UserResponse.swift */ = {isa = PBXFileReference; lastKnownFileType = sourcecode.swift; path = UserResponse.swift; sourceTree = "<group>"; };
		EB6C80F8283534EC0067E597 /* APIClient.swift */ = {isa = PBXFileReference; lastKnownFileType = sourcecode.swift; path = APIClient.swift; sourceTree = "<group>"; };
		EB6C80FA283536900067E597 /* UIViewController.swift */ = {isa = PBXFileReference; lastKnownFileType = sourcecode.swift; path = UIViewController.swift; sourceTree = "<group>"; };
		EB799CCA2834E7CA00BBE10A /* Spotify.app */ = {isa = PBXFileReference; explicitFileType = wrapper.application; includeInIndex = 0; path = Spotify.app; sourceTree = BUILT_PRODUCTS_DIR; };
		EB799CCD2834E7CA00BBE10A /* AppDelegate.swift */ = {isa = PBXFileReference; lastKnownFileType = sourcecode.swift; path = AppDelegate.swift; sourceTree = "<group>"; };
		EB799CCF2834E7CA00BBE10A /* SceneDelegate.swift */ = {isa = PBXFileReference; lastKnownFileType = sourcecode.swift; path = SceneDelegate.swift; sourceTree = "<group>"; };
		EB799CD12834E7CA00BBE10A /* LoginViewController.swift */ = {isa = PBXFileReference; lastKnownFileType = sourcecode.swift; path = LoginViewController.swift; sourceTree = "<group>"; };
		EB799CD62834E7CC00BBE10A /* Assets.xcassets */ = {isa = PBXFileReference; lastKnownFileType = folder.assetcatalog; path = Assets.xcassets; sourceTree = "<group>"; };
		EB799CD92834E7CC00BBE10A /* Base */ = {isa = PBXFileReference; lastKnownFileType = file.storyboard; name = Base; path = Base.lproj/LaunchScreen.storyboard; sourceTree = "<group>"; };
		EB799CDB2834E7CC00BBE10A /* Info.plist */ = {isa = PBXFileReference; lastKnownFileType = text.plist.xml; path = Info.plist; sourceTree = "<group>"; };
		EB799CE62834EB6000BBE10A /* UIColor.swift */ = {isa = PBXFileReference; lastKnownFileType = sourcecode.swift; path = UIColor.swift; sourceTree = "<group>"; };
		EB9B82A02834FF58004BF102 /* WebViewController.swift */ = {isa = PBXFileReference; lastKnownFileType = sourcecode.swift; path = WebViewController.swift; sourceTree = "<group>"; };
		EB9B82A5283500E4004BF102 /* AuthenticationManager.swift */ = {isa = PBXFileReference; lastKnownFileType = sourcecode.swift; path = AuthenticationManager.swift; sourceTree = "<group>"; };
		EB9B82A728350680004BF102 /* AuthenticationResponse.swift */ = {isa = PBXFileReference; lastKnownFileType = sourcecode.swift; path = AuthenticationResponse.swift; sourceTree = "<group>"; };
		EBB85E8028363A09006E14C3 /* UICollectionView.swift */ = {isa = PBXFileReference; lastKnownFileType = sourcecode.swift; path = UICollectionView.swift; sourceTree = "<group>"; };
		EBB85E8228364AEE006E14C3 /* ArtistCollectionViewCell.swift */ = {isa = PBXFileReference; lastKnownFileType = sourcecode.swift; path = ArtistCollectionViewCell.swift; sourceTree = "<group>"; };
		EBB85E8428364DB4006E14C3 /* PropertyWrapper.swift */ = {isa = PBXFileReference; lastKnownFileType = sourcecode.swift; path = PropertyWrapper.swift; sourceTree = "<group>"; };
		EBB85E88283667A5006E14C3 /* UICollectionViewCell.swift */ = {isa = PBXFileReference; lastKnownFileType = sourcecode.swift; path = UICollectionViewCell.swift; sourceTree = "<group>"; };
/* End PBXFileReference section */

/* Begin PBXFrameworksBuildPhase section */
		EB799CC72834E7CA00BBE10A /* Frameworks */ = {
			isa = PBXFrameworksBuildPhase;
			buildActionMask = 2147483647;
			files = (
				3F6088F5F0BF1CBE883F8C49 /* libPods-Spotify.a in Frameworks */,
			);
			runOnlyForDeploymentPostprocessing = 0;
		};
/* End PBXFrameworksBuildPhase section */

/* Begin PBXGroup section */
		0460E08722E6CCC2767412D8 /* Pods */ = {
			isa = PBXGroup;
			children = (
				1A16747BC26E7F8F8498068A /* Pods-Spotify.debug.xcconfig */,
				07EE61C9CD8DB024A84D495A /* Pods-Spotify.release.xcconfig */,
			);
			path = Pods;
			sourceTree = "<group>";
		};
		EB6C80EF283533F70067E597 /* ArtistSearch */ = {
			isa = PBXGroup;
			children = (
				EB6C80F32835349B0067E597 /* Model */,
				EB6C80F02835340B0067E597 /* Controller */,
			);
			path = ArtistSearch;
			sourceTree = "<group>";
		};
		EB6C80F02835340B0067E597 /* Controller */ = {
			isa = PBXGroup;
			children = (
				EB6C80F12835341E0067E597 /* SearchViewcontroller.swift */,
				EBB85E8228364AEE006E14C3 /* ArtistCollectionViewCell.swift */,
			);
			path = Controller;
			sourceTree = "<group>";
		};
		EB6C80F32835349B0067E597 /* Model */ = {
			isa = PBXGroup;
			children = (
				EB6C80F4283534C60067E597 /* UserResponse.swift */,
				EB0B7D29283630A000BB70A5 /* ArtistSearchResponse.swift */,
			);
			path = Model;
			sourceTree = "<group>";
		};
		EB6C80F6283534DD0067E597 /* APICall */ = {
			isa = PBXGroup;
			children = (
				EB6C80F8283534EC0067E597 /* APIClient.swift */,
			);
			path = APICall;
			sourceTree = "<group>";
		};
		EB756C19EBD45CC3252645F0 /* Frameworks */ = {
			isa = PBXGroup;
			children = (
				5EAB1135F779B579526E6FBA /* libPods-Spotify.a */,
			);
			name = Frameworks;
			sourceTree = "<group>";
		};
		EB799CC12834E7CA00BBE10A = {
			isa = PBXGroup;
			children = (
				EB799CCC2834E7CA00BBE10A /* Spotify */,
				EB799CCB2834E7CA00BBE10A /* Products */,
				0460E08722E6CCC2767412D8 /* Pods */,
				EB756C19EBD45CC3252645F0 /* Frameworks */,
			);
			sourceTree = "<group>";
		};
		EB799CCB2834E7CA00BBE10A /* Products */ = {
			isa = PBXGroup;
			children = (
				EB799CCA2834E7CA00BBE10A /* Spotify.app */,
			);
			name = Products;
			sourceTree = "<group>";
		};
		EB799CCC2834E7CA00BBE10A /* Spotify */ = {
			isa = PBXGroup;
			children = (
				EBB85E8628366781006E14C3 /* PropertyWrapper */,
				EB6C80F6283534DD0067E597 /* APICall */,
				EB799CE52834EB5700BBE10A /* Extensions */,
				EB799CE22834E8B100BBE10A /* Features */,
				EB799CE12834E8A200BBE10A /* Sources */,
				EB799CDB2834E7CC00BBE10A /* Info.plist */,
			);
			path = Spotify;
			sourceTree = "<group>";
		};
		EB799CE12834E8A200BBE10A /* Sources */ = {
			isa = PBXGroup;
			children = (
				EB799CCD2834E7CA00BBE10A /* AppDelegate.swift */,
				EB799CCF2834E7CA00BBE10A /* SceneDelegate.swift */,
				EB799CD62834E7CC00BBE10A /* Assets.xcassets */,
				EB799CD82834E7CC00BBE10A /* LaunchScreen.storyboard */,
			);
			path = Sources;
			sourceTree = "<group>";
		};
		EB799CE22834E8B100BBE10A /* Features */ = {
			isa = PBXGroup;
			children = (
				EBB85E872836679A006E14C3 /* View */,
				EB6C80EF283533F70067E597 /* ArtistSearch */,
				EB799CE32834E8B400BBE10A /* Authentication */,
			);
			path = Features;
			sourceTree = "<group>";
		};
		EB799CE32834E8B400BBE10A /* Authentication */ = {
			isa = PBXGroup;
			children = (
				EB9B82A22834FF8B004BF102 /* Model */,
				EB799CE42834E8BA00BBE10A /* Controller */,
			);
			path = Authentication;
			sourceTree = "<group>";
		};
		EB799CE42834E8BA00BBE10A /* Controller */ = {
			isa = PBXGroup;
			children = (
				EB799CD12834E7CA00BBE10A /* LoginViewController.swift */,
				EB9B82A02834FF58004BF102 /* WebViewController.swift */,
			);
			path = Controller;
			sourceTree = "<group>";
		};
		EB799CE52834EB5700BBE10A /* Extensions */ = {
			isa = PBXGroup;
			children = (
				EB799CE62834EB6000BBE10A /* UIColor.swift */,
				EB6C80FA283536900067E597 /* UIViewController.swift */,
				EB0B7D2D283631B300BB70A5 /* UIView.swift */,
			);
			path = Extensions;
			sourceTree = "<group>";
		};
		EB9B82A22834FF8B004BF102 /* Model */ = {
			isa = PBXGroup;
			children = (
				EB9B82A5283500E4004BF102 /* AuthenticationManager.swift */,
				EB9B82A728350680004BF102 /* AuthenticationResponse.swift */,
			);
			path = Model;
			sourceTree = "<group>";
		};
		EBB85E8628366781006E14C3 /* PropertyWrapper */ = {
			isa = PBXGroup;
			children = (
				EBB85E8428364DB4006E14C3 /* PropertyWrapper.swift */,
			);
			path = PropertyWrapper;
			sourceTree = "<group>";
		};
		EBB85E872836679A006E14C3 /* View */ = {
			isa = PBXGroup;
			children = (
				EBB85E8028363A09006E14C3 /* UICollectionView.swift */,
				EBB85E88283667A5006E14C3 /* UICollectionViewCell.swift */,
			);
			path = View;
			sourceTree = "<group>";
		};
/* End PBXGroup section */

/* Begin PBXNativeTarget section */
		EB799CC92834E7CA00BBE10A /* Spotify */ = {
			isa = PBXNativeTarget;
			buildConfigurationList = EB799CDE2834E7CC00BBE10A /* Build configuration list for PBXNativeTarget "Spotify" */;
			buildPhases = (
				6790CF2184740F6141686CD5 /* [CP] Check Pods Manifest.lock */,
				EB799CC62834E7CA00BBE10A /* Sources */,
				EB799CC72834E7CA00BBE10A /* Frameworks */,
				EB799CC82834E7CA00BBE10A /* Resources */,
			);
			buildRules = (
			);
			dependencies = (
			);
			name = Spotify;
			productName = Spotify;
			productReference = EB799CCA2834E7CA00BBE10A /* Spotify.app */;
			productType = "com.apple.product-type.application";
		};
/* End PBXNativeTarget section */

/* Begin PBXProject section */
		EB799CC22834E7CA00BBE10A /* Project object */ = {
			isa = PBXProject;
			attributes = {
				BuildIndependentTargetsInParallel = 1;
				LastSwiftUpdateCheck = 1330;
				LastUpgradeCheck = 1330;
				TargetAttributes = {
					EB799CC92834E7CA00BBE10A = {
						CreatedOnToolsVersion = 13.3.1;
					};
				};
			};
			buildConfigurationList = EB799CC52834E7CA00BBE10A /* Build configuration list for PBXProject "Spotify" */;
			compatibilityVersion = "Xcode 13.0";
			developmentRegion = en;
			hasScannedForEncodings = 0;
			knownRegions = (
				en,
				Base,
			);
			mainGroup = EB799CC12834E7CA00BBE10A;
			productRefGroup = EB799CCB2834E7CA00BBE10A /* Products */;
			projectDirPath = "";
			projectRoot = "";
			targets = (
				EB799CC92834E7CA00BBE10A /* Spotify */,
			);
		};
/* End PBXProject section */

/* Begin PBXResourcesBuildPhase section */
		EB799CC82834E7CA00BBE10A /* Resources */ = {
			isa = PBXResourcesBuildPhase;
			buildActionMask = 2147483647;
			files = (
				EB799CDA2834E7CC00BBE10A /* LaunchScreen.storyboard in Resources */,
				EB799CD72834E7CC00BBE10A /* Assets.xcassets in Resources */,
			);
			runOnlyForDeploymentPostprocessing = 0;
		};
/* End PBXResourcesBuildPhase section */

/* Begin PBXShellScriptBuildPhase section */
		6790CF2184740F6141686CD5 /* [CP] Check Pods Manifest.lock */ = {
			isa = PBXShellScriptBuildPhase;
			buildActionMask = 2147483647;
			files = (
			);
			inputFileListPaths = (
			);
			inputPaths = (
				"${PODS_PODFILE_DIR_PATH}/Podfile.lock",
				"${PODS_ROOT}/Manifest.lock",
			);
			name = "[CP] Check Pods Manifest.lock";
			outputFileListPaths = (
			);
			outputPaths = (
				"$(DERIVED_FILE_DIR)/Pods-Spotify-checkManifestLockResult.txt",
			);
			runOnlyForDeploymentPostprocessing = 0;
			shellPath = /bin/sh;
			shellScript = "diff \"${PODS_PODFILE_DIR_PATH}/Podfile.lock\" \"${PODS_ROOT}/Manifest.lock\" > /dev/null\nif [ $? != 0 ] ; then\n    # print error to STDERR\n    echo \"error: The sandbox is not in sync with the Podfile.lock. Run 'pod install' or update your CocoaPods installation.\" >&2\n    exit 1\nfi\n# This output is used by Xcode 'outputs' to avoid re-running this script phase.\necho \"SUCCESS\" > \"${SCRIPT_OUTPUT_FILE_0}\"\n";
			showEnvVarsInLog = 0;
		};
/* End PBXShellScriptBuildPhase section */

/* Begin PBXSourcesBuildPhase section */
		EB799CC62834E7CA00BBE10A /* Sources */ = {
			isa = PBXSourcesBuildPhase;
			buildActionMask = 2147483647;
			files = (
				EB799CD22834E7CA00BBE10A /* LoginViewController.swift in Sources */,
				EB9B82A6283500E4004BF102 /* AuthenticationManager.swift in Sources */,
				EBB85E8128363A0A006E14C3 /* UICollectionView.swift in Sources */,
				EBB85E89283667A5006E14C3 /* UICollectionViewCell.swift in Sources */,
				EB6C80FB283536900067E597 /* UIViewController.swift in Sources */,
				EB6C80F22835341E0067E597 /* SearchViewcontroller.swift in Sources */,
				EBB85E8328364AEE006E14C3 /* ArtistCollectionViewCell.swift in Sources */,
				EB6C80F9283534EC0067E597 /* APIClient.swift in Sources */,
				EB0B7D2A283630A000BB70A5 /* ArtistSearchResponse.swift in Sources */,
				EB9B82A828350680004BF102 /* AuthenticationResponse.swift in Sources */,
				EB799CE72834EB6000BBE10A /* UIColor.swift in Sources */,
				EB799CCE2834E7CA00BBE10A /* AppDelegate.swift in Sources */,
				EB9B82A12834FF58004BF102 /* WebViewController.swift in Sources */,
				EB0B7D2E283631B300BB70A5 /* UIView.swift in Sources */,
				EB799CD02834E7CA00BBE10A /* SceneDelegate.swift in Sources */,
				EB6C80F5283534C60067E597 /* UserResponse.swift in Sources */,
				EBB85E8528364DB4006E14C3 /* PropertyWrapper.swift in Sources */,
			);
			runOnlyForDeploymentPostprocessing = 0;
		};
/* End PBXSourcesBuildPhase section */

/* Begin PBXVariantGroup section */
		EB799CD82834E7CC00BBE10A /* LaunchScreen.storyboard */ = {
			isa = PBXVariantGroup;
			children = (
				EB799CD92834E7CC00BBE10A /* Base */,
			);
			name = LaunchScreen.storyboard;
			sourceTree = "<group>";
		};
/* End PBXVariantGroup section */

/* Begin XCBuildConfiguration section */
		EB799CDC2834E7CC00BBE10A /* Debug */ = {
			isa = XCBuildConfiguration;
			buildSettings = {
				ALWAYS_SEARCH_USER_PATHS = NO;
				CLANG_ANALYZER_NONNULL = YES;
				CLANG_ANALYZER_NUMBER_OBJECT_CONVERSION = YES_AGGRESSIVE;
				CLANG_CXX_LANGUAGE_STANDARD = "gnu++17";
				CLANG_ENABLE_MODULES = YES;
				CLANG_ENABLE_OBJC_ARC = YES;
				CLANG_ENABLE_OBJC_WEAK = YES;
				CLANG_WARN_BLOCK_CAPTURE_AUTORELEASING = YES;
				CLANG_WARN_BOOL_CONVERSION = YES;
				CLANG_WARN_COMMA = YES;
				CLANG_WARN_CONSTANT_CONVERSION = YES;
				CLANG_WARN_DEPRECATED_OBJC_IMPLEMENTATIONS = YES;
				CLANG_WARN_DIRECT_OBJC_ISA_USAGE = YES_ERROR;
				CLANG_WARN_DOCUMENTATION_COMMENTS = YES;
				CLANG_WARN_EMPTY_BODY = YES;
				CLANG_WARN_ENUM_CONVERSION = YES;
				CLANG_WARN_INFINITE_RECURSION = YES;
				CLANG_WARN_INT_CONVERSION = YES;
				CLANG_WARN_NON_LITERAL_NULL_CONVERSION = YES;
				CLANG_WARN_OBJC_IMPLICIT_RETAIN_SELF = YES;
				CLANG_WARN_OBJC_LITERAL_CONVERSION = YES;
				CLANG_WARN_OBJC_ROOT_CLASS = YES_ERROR;
				CLANG_WARN_QUOTED_INCLUDE_IN_FRAMEWORK_HEADER = YES;
				CLANG_WARN_RANGE_LOOP_ANALYSIS = YES;
				CLANG_WARN_STRICT_PROTOTYPES = YES;
				CLANG_WARN_SUSPICIOUS_MOVE = YES;
				CLANG_WARN_UNGUARDED_AVAILABILITY = YES_AGGRESSIVE;
				CLANG_WARN_UNREACHABLE_CODE = YES;
				CLANG_WARN__DUPLICATE_METHOD_MATCH = YES;
				COPY_PHASE_STRIP = NO;
				DEBUG_INFORMATION_FORMAT = dwarf;
				ENABLE_STRICT_OBJC_MSGSEND = YES;
				ENABLE_TESTABILITY = YES;
				GCC_C_LANGUAGE_STANDARD = gnu11;
				GCC_DYNAMIC_NO_PIC = NO;
				GCC_NO_COMMON_BLOCKS = YES;
				GCC_OPTIMIZATION_LEVEL = 0;
				GCC_PREPROCESSOR_DEFINITIONS = (
					"DEBUG=1",
					"$(inherited)",
				);
				GCC_WARN_64_TO_32_BIT_CONVERSION = YES;
				GCC_WARN_ABOUT_RETURN_TYPE = YES_ERROR;
				GCC_WARN_UNDECLARED_SELECTOR = YES;
				GCC_WARN_UNINITIALIZED_AUTOS = YES_AGGRESSIVE;
				GCC_WARN_UNUSED_FUNCTION = YES;
				GCC_WARN_UNUSED_VARIABLE = YES;
				IPHONEOS_DEPLOYMENT_TARGET = 15.4;
				MTL_ENABLE_DEBUG_INFO = INCLUDE_SOURCE;
				MTL_FAST_MATH = YES;
				ONLY_ACTIVE_ARCH = YES;
				SDKROOT = iphoneos;
				SWIFT_ACTIVE_COMPILATION_CONDITIONS = DEBUG;
				SWIFT_OPTIMIZATION_LEVEL = "-Onone";
			};
			name = Debug;
		};
		EB799CDD2834E7CC00BBE10A /* Release */ = {
			isa = XCBuildConfiguration;
			buildSettings = {
				ALWAYS_SEARCH_USER_PATHS = NO;
				CLANG_ANALYZER_NONNULL = YES;
				CLANG_ANALYZER_NUMBER_OBJECT_CONVERSION = YES_AGGRESSIVE;
				CLANG_CXX_LANGUAGE_STANDARD = "gnu++17";
				CLANG_ENABLE_MODULES = YES;
				CLANG_ENABLE_OBJC_ARC = YES;
				CLANG_ENABLE_OBJC_WEAK = YES;
				CLANG_WARN_BLOCK_CAPTURE_AUTORELEASING = YES;
				CLANG_WARN_BOOL_CONVERSION = YES;
				CLANG_WARN_COMMA = YES;
				CLANG_WARN_CONSTANT_CONVERSION = YES;
				CLANG_WARN_DEPRECATED_OBJC_IMPLEMENTATIONS = YES;
				CLANG_WARN_DIRECT_OBJC_ISA_USAGE = YES_ERROR;
				CLANG_WARN_DOCUMENTATION_COMMENTS = YES;
				CLANG_WARN_EMPTY_BODY = YES;
				CLANG_WARN_ENUM_CONVERSION = YES;
				CLANG_WARN_INFINITE_RECURSION = YES;
				CLANG_WARN_INT_CONVERSION = YES;
				CLANG_WARN_NON_LITERAL_NULL_CONVERSION = YES;
				CLANG_WARN_OBJC_IMPLICIT_RETAIN_SELF = YES;
				CLANG_WARN_OBJC_LITERAL_CONVERSION = YES;
				CLANG_WARN_OBJC_ROOT_CLASS = YES_ERROR;
				CLANG_WARN_QUOTED_INCLUDE_IN_FRAMEWORK_HEADER = YES;
				CLANG_WARN_RANGE_LOOP_ANALYSIS = YES;
				CLANG_WARN_STRICT_PROTOTYPES = YES;
				CLANG_WARN_SUSPICIOUS_MOVE = YES;
				CLANG_WARN_UNGUARDED_AVAILABILITY = YES_AGGRESSIVE;
				CLANG_WARN_UNREACHABLE_CODE = YES;
				CLANG_WARN__DUPLICATE_METHOD_MATCH = YES;
				COPY_PHASE_STRIP = NO;
				DEBUG_INFORMATION_FORMAT = "dwarf-with-dsym";
				ENABLE_NS_ASSERTIONS = NO;
				ENABLE_STRICT_OBJC_MSGSEND = YES;
				GCC_C_LANGUAGE_STANDARD = gnu11;
				GCC_NO_COMMON_BLOCKS = YES;
				GCC_WARN_64_TO_32_BIT_CONVERSION = YES;
				GCC_WARN_ABOUT_RETURN_TYPE = YES_ERROR;
				GCC_WARN_UNDECLARED_SELECTOR = YES;
				GCC_WARN_UNINITIALIZED_AUTOS = YES_AGGRESSIVE;
				GCC_WARN_UNUSED_FUNCTION = YES;
				GCC_WARN_UNUSED_VARIABLE = YES;
				IPHONEOS_DEPLOYMENT_TARGET = 15.4;
				MTL_ENABLE_DEBUG_INFO = NO;
				MTL_FAST_MATH = YES;
				SDKROOT = iphoneos;
				SWIFT_COMPILATION_MODE = wholemodule;
				SWIFT_OPTIMIZATION_LEVEL = "-O";
				VALIDATE_PRODUCT = YES;
			};
			name = Release;
		};
		EB799CDF2834E7CC00BBE10A /* Debug */ = {
			isa = XCBuildConfiguration;
			baseConfigurationReference = 1A16747BC26E7F8F8498068A /* Pods-Spotify.debug.xcconfig */;
			buildSettings = {
				ASSETCATALOG_COMPILER_APPICON_NAME = AppIcon;
				ASSETCATALOG_COMPILER_GLOBAL_ACCENT_COLOR_NAME = AccentColor;
				CODE_SIGN_STYLE = Automatic;
				CURRENT_PROJECT_VERSION = 1;
				DEVELOPMENT_TEAM = B8U5NB37GK;
				GENERATE_INFOPLIST_FILE = YES;
				INFOPLIST_FILE = Spotify/Info.plist;
				INFOPLIST_KEY_UIApplicationSupportsIndirectInputEvents = YES;
				INFOPLIST_KEY_UILaunchStoryboardName = LaunchScreen;
				INFOPLIST_KEY_UISupportedInterfaceOrientations_iPad = "UIInterfaceOrientationPortrait UIInterfaceOrientationPortraitUpsideDown UIInterfaceOrientationLandscapeLeft UIInterfaceOrientationLandscapeRight";
				INFOPLIST_KEY_UISupportedInterfaceOrientations_iPhone = "UIInterfaceOrientationPortrait UIInterfaceOrientationLandscapeLeft UIInterfaceOrientationLandscapeRight";
				LD_RUNPATH_SEARCH_PATHS = (
					"$(inherited)",
					"@executable_path/Frameworks",
				);
				MARKETING_VERSION = 1.0;
				PRODUCT_BUNDLE_IDENTIFIER = me.hussein.Spotify;
				PRODUCT_NAME = "$(TARGET_NAME)";
				SWIFT_EMIT_LOC_STRINGS = YES;
				SWIFT_VERSION = 5.0;
				TARGETED_DEVICE_FAMILY = "1,2";
			};
			name = Debug;
		};
		EB799CE02834E7CC00BBE10A /* Release */ = {
			isa = XCBuildConfiguration;
			baseConfigurationReference = 07EE61C9CD8DB024A84D495A /* Pods-Spotify.release.xcconfig */;
			buildSettings = {
				ASSETCATALOG_COMPILER_APPICON_NAME = AppIcon;
				ASSETCATALOG_COMPILER_GLOBAL_ACCENT_COLOR_NAME = AccentColor;
				CODE_SIGN_STYLE = Automatic;
				CURRENT_PROJECT_VERSION = 1;
				DEVELOPMENT_TEAM = B8U5NB37GK;
				GENERATE_INFOPLIST_FILE = YES;
				INFOPLIST_FILE = Spotify/Info.plist;
				INFOPLIST_KEY_UIApplicationSupportsIndirectInputEvents = YES;
				INFOPLIST_KEY_UILaunchStoryboardName = LaunchScreen;
				INFOPLIST_KEY_UISupportedInterfaceOrientations_iPad = "UIInterfaceOrientationPortrait UIInterfaceOrientationPortraitUpsideDown UIInterfaceOrientationLandscapeLeft UIInterfaceOrientationLandscapeRight";
				INFOPLIST_KEY_UISupportedInterfaceOrientations_iPhone = "UIInterfaceOrientationPortrait UIInterfaceOrientationLandscapeLeft UIInterfaceOrientationLandscapeRight";
				LD_RUNPATH_SEARCH_PATHS = (
					"$(inherited)",
					"@executable_path/Frameworks",
				);
				MARKETING_VERSION = 1.0;
				PRODUCT_BUNDLE_IDENTIFIER = me.hussein.Spotify;
				PRODUCT_NAME = "$(TARGET_NAME)";
				SWIFT_EMIT_LOC_STRINGS = YES;
				SWIFT_VERSION = 5.0;
				TARGETED_DEVICE_FAMILY = "1,2";
			};
			name = Release;
		};
/* End XCBuildConfiguration section */

/* Begin XCConfigurationList section */
		EB799CC52834E7CA00BBE10A /* Build configuration list for PBXProject "Spotify" */ = {
			isa = XCConfigurationList;
			buildConfigurations = (
				EB799CDC2834E7CC00BBE10A /* Debug */,
				EB799CDD2834E7CC00BBE10A /* Release */,
			);
			defaultConfigurationIsVisible = 0;
			defaultConfigurationName = Release;
		};
		EB799CDE2834E7CC00BBE10A /* Build configuration list for PBXNativeTarget "Spotify" */ = {
			isa = XCConfigurationList;
			buildConfigurations = (
				EB799CDF2834E7CC00BBE10A /* Debug */,
				EB799CE02834E7CC00BBE10A /* Release */,
			);
			defaultConfigurationIsVisible = 0;
			defaultConfigurationName = Release;
		};
/* End XCConfigurationList section */
	};
	rootObject = EB799CC22834E7CA00BBE10A /* Project object */;
}
